// !$*UTF8*$!
{
	archiveVersion = 1;
	classes = {
	};
	objectVersion = 46;
	objects = {

/* Begin PBXBuildFile section */
		4D224ADD1F175426000F2885 /* main.m in Sources */ = {isa = PBXBuildFile; fileRef = 4D224ADC1F175426000F2885 /* main.m */; };
		4D224AE01F175426000F2885 /* AppDelegate.m in Sources */ = {isa = PBXBuildFile; fileRef = 4D224ADF1F175426000F2885 /* AppDelegate.m */; };
		4D224AE31F175426000F2885 /* ViewController.m in Sources */ = {isa = PBXBuildFile; fileRef = 4D224AE21F175426000F2885 /* ViewController.m */; };
		4D224AE61F175426000F2885 /* Main.storyboard in Resources */ = {isa = PBXBuildFile; fileRef = 4D224AE41F175426000F2885 /* Main.storyboard */; };
		4D224AE81F175426000F2885 /* Assets.xcassets in Resources */ = {isa = PBXBuildFile; fileRef = 4D224AE71F175426000F2885 /* Assets.xcassets */; };
		4D224AEB1F175426000F2885 /* LaunchScreen.storyboard in Resources */ = {isa = PBXBuildFile; fileRef = 4D224AE91F175426000F2885 /* LaunchScreen.storyboard */; };
		4D224AF61F175426000F2885 /* Test_1Tests.m in Sources */ = {isa = PBXBuildFile; fileRef = 4D224AF51F175426000F2885 /* Test_1Tests.m */; };
		4D224B011F175426000F2885 /* Test_1UITests.m in Sources */ = {isa = PBXBuildFile; fileRef = 4D224B001F175426000F2885 /* Test_1UITests.m */; };
/* End PBXBuildFile section */

/* Begin PBXContainerItemProxy section */
		4D224AF21F175426000F2885 /* PBXContainerItemProxy */ = {
			isa = PBXContainerItemProxy;
			containerPortal = 4D224AD01F175426000F2885 /* Project object */;
			proxyType = 1;
			remoteGlobalIDString = 4D224AD71F175426000F2885;
			remoteInfo = Test_1;
		};
		4D224AFD1F175426000F2885 /* PBXContainerItemProxy */ = {
			isa = PBXContainerItemProxy;
			containerPortal = 4D224AD01F175426000F2885 /* Project object */;
			proxyType = 1;
			remoteGlobalIDString = 4D224AD71F175426000F2885;
			remoteInfo = Test_1;
		};
/* End PBXContainerItemProxy section */

/* Begin PBXFileReference section */
		4D224AD81F175426000F2885 /* Test_1.app */ = {isa = PBXFileReference; explicitFileType = wrapper.application; includeInIndex = 0; path = Test_1.app; sourceTree = BUILT_PRODUCTS_DIR; };
		4D224ADC1F175426000F2885 /* main.m */ = {isa = PBXFileReference; lastKnownFileType = sourcecode.c.objc; path = main.m; sourceTree = "<group>"; };
		4D224ADE1F175426000F2885 /* AppDelegate.h */ = {isa = PBXFileReference; lastKnownFileType = sourcecode.c.h; path = AppDelegate.h; sourceTree = "<group>"; };
		4D224ADF1F175426000F2885 /* AppDelegate.m */ = {isa = PBXFileReference; lastKnownFileType = sourcecode.c.objc; path = AppDelegate.m; sourceTree = "<group>"; };
		4D224AE11F175426000F2885 /* ViewController.h */ = {isa = PBXFileReference; lastKnownFileType = sourcecode.c.h; path = ViewController.h; sourceTree = "<group>"; };
		4D224AE21F175426000F2885 /* ViewController.m */ = {isa = PBXFileReference; lastKnownFileType = sourcecode.c.objc; path = ViewController.m; sourceTree = "<group>"; };
		4D224AE51F175426000F2885 /* Base */ = {isa = PBXFileReference; lastKnownFileType = file.storyboard; name = Base; path = Base.lproj/Main.storyboard; sourceTree = "<group>"; };
		4D224AE71F175426000F2885 /* Assets.xcassets */ = {isa = PBXFileReference; lastKnownFileType = folder.assetcatalog; path = Assets.xcassets; sourceTree = "<group>"; };
		4D224AEA1F175426000F2885 /* Base */ = {isa = PBXFileReference; lastKnownFileType = file.storyboard; name = Base; path = Base.lproj/LaunchScreen.storyboard; sourceTree = "<group>"; };
		4D224AEC1F175426000F2885 /* Info.plist */ = {isa = PBXFileReference; lastKnownFileType = text.plist.xml; path = Info.plist; sourceTree = "<group>"; };
		4D224AF11F175426000F2885 /* Test_1Tests.xctest */ = {isa = PBXFileReference; explicitFileType = wrapper.cfbundle; includeInIndex = 0; path = Test_1Tests.xctest; sourceTree = BUILT_PRODUCTS_DIR; };
		4D224AF51F175426000F2885 /* Test_1Tests.m */ = {isa = PBXFileReference; lastKnownFileType = sourcecode.c.objc; path = Test_1Tests.m; sourceTree = "<group>"; };
		4D224AF71F175426000F2885 /* Info.plist */ = {isa = PBXFileReference; lastKnownFileType = text.plist.xml; path = Info.plist; sourceTree = "<group>"; };
		4D224AFC1F175426000F2885 /* Test_1UITests.xctest */ = {isa = PBXFileReference; explicitFileType = wrapper.cfbundle; includeInIndex = 0; path = Test_1UITests.xctest; sourceTree = BUILT_PRODUCTS_DIR; };
		4D224B001F175426000F2885 /* Test_1UITests.m */ = {isa = PBXFileReference; lastKnownFileType = sourcecode.c.objc; path = Test_1UITests.m; sourceTree = "<group>"; };
		4D224B021F175426000F2885 /* Info.plist */ = {isa = PBXFileReference; lastKnownFileType = text.plist.xml; path = Info.plist; sourceTree = "<group>"; };
/* End PBXFileReference section */

/* Begin PBXFrameworksBuildPhase section */
		4D224AD51F175426000F2885 /* Frameworks */ = {
			isa = PBXFrameworksBuildPhase;
			buildActionMask = 2147483647;
			files = (
			);
			runOnlyForDeploymentPostprocessing = 0;
		};
		4D224AEE1F175426000F2885 /* Frameworks */ = {
			isa = PBXFrameworksBuildPhase;
			buildActionMask = 2147483647;
			files = (
			);
			runOnlyForDeploymentPostprocessing = 0;
		};
		4D224AF91F175426000F2885 /* Frameworks */ = {
			isa = PBXFrameworksBuildPhase;
			buildActionMask = 2147483647;
			files = (
			);
			runOnlyForDeploymentPostprocessing = 0;
		};
/* End PBXFrameworksBuildPhase section */

/* Begin PBXGroup section */
		4D224ACF1F175426000F2885 = {
			isa = PBXGroup;
			children = (
				4D224ADA1F175426000F2885 /* Test_1 */,
				4D224AF41F175426000F2885 /* Test_1Tests */,
				4D224AFF1F175426000F2885 /* Test_1UITests */,
				4D224AD91F175426000F2885 /* Products */,
			);
			sourceTree = "<group>";
		};
		4D224AD91F175426000F2885 /* Products */ = {
			isa = PBXGroup;
			children = (
				4D224AD81F175426000F2885 /* Test_1.app */,
				4D224AF11F175426000F2885 /* Test_1Tests.xctest */,
				4D224AFC1F175426000F2885 /* Test_1UITests.xctest */,
			);
			name = Products;
			sourceTree = "<group>";
		};
		4D224ADA1F175426000F2885 /* Test_1 */ = {
			isa = PBXGroup;
			children = (
				4D224ADE1F175426000F2885 /* AppDelegate.h */,
				4D224ADF1F175426000F2885 /* AppDelegate.m */,
				4D224AE11F175426000F2885 /* ViewController.h */,
				4D224AE21F175426000F2885 /* ViewController.m */,
				4D224AE41F175426000F2885 /* Main.storyboard */,
				4D224AE71F175426000F2885 /* Assets.xcassets */,
				4D224AE91F175426000F2885 /* LaunchScreen.storyboard */,
				4D224AEC1F175426000F2885 /* Info.plist */,
				4D224ADB1F175426000F2885 /* Supporting Files */,
			);
			path = Test_1;
			sourceTree = "<group>";
		};
		4D224ADB1F175426000F2885 /* Supporting Files */ = {
			isa = PBXGroup;
			children = (
				4D224ADC1F175426000F2885 /* main.m */,
			);
			name = "Supporting Files";
			sourceTree = "<group>";
		};
		4D224AF41F175426000F2885 /* Test_1Tests */ = {
			isa = PBXGroup;
			children = (
				4D224AF51F175426000F2885 /* Test_1Tests.m */,
				4D224AF71F175426000F2885 /* Info.plist */,
			);
			path = Test_1Tests;
			sourceTree = "<group>";
		};
		4D224AFF1F175426000F2885 /* Test_1UITests */ = {
			isa = PBXGroup;
			children = (
				4D224B001F175426000F2885 /* Test_1UITests.m */,
				4D224B021F175426000F2885 /* Info.plist */,
			);
			path = Test_1UITests;
			sourceTree = "<group>";
		};
/* End PBXGroup section */

/* Begin PBXNativeTarget section */
		4D224AD71F175426000F2885 /* Test_1 */ = {
			isa = PBXNativeTarget;
			buildConfigurationList = 4D224B051F175426000F2885 /* Build configuration list for PBXNativeTarget "Test_1" */;
			buildPhases = (
				4D224AD41F175426000F2885 /* Sources */,
				4D224AD51F175426000F2885 /* Frameworks */,
				4D224AD61F175426000F2885 /* Resources */,
			);
			buildRules = (
			);
			dependencies = (
			);
			name = Test_1;
			productName = Test_1;
			productReference = 4D224AD81F175426000F2885 /* Test_1.app */;
			productType = "com.apple.product-type.application";
		};
		4D224AF01F175426000F2885 /* Test_1Tests */ = {
			isa = PBXNativeTarget;
			buildConfigurationList = 4D224B081F175426000F2885 /* Build configuration list for PBXNativeTarget "Test_1Tests" */;
			buildPhases = (
				4D224AED1F175426000F2885 /* Sources */,
				4D224AEE1F175426000F2885 /* Frameworks */,
				4D224AEF1F175426000F2885 /* Resources */,
			);
			buildRules = (
			);
			dependencies = (
				4D224AF31F175426000F2885 /* PBXTargetDependency */,
			);
			name = Test_1Tests;
			productName = Test_1Tests;
			productReference = 4D224AF11F175426000F2885 /* Test_1Tests.xctest */;
			productType = "com.apple.product-type.bundle.unit-test";
		};
		4D224AFB1F175426000F2885 /* Test_1UITests */ = {
			isa = PBXNativeTarget;
			buildConfigurationList = 4D224B0B1F175426000F2885 /* Build configuration list for PBXNativeTarget "Test_1UITests" */;
			buildPhases = (
				4D224AF81F175426000F2885 /* Sources */,
				4D224AF91F175426000F2885 /* Frameworks */,
				4D224AFA1F175426000F2885 /* Resources */,
			);
			buildRules = (
			);
			dependencies = (
				4D224AFE1F175426000F2885 /* PBXTargetDependency */,
			);
			name = Test_1UITests;
			productName = Test_1UITests;
			productReference = 4D224AFC1F175426000F2885 /* Test_1UITests.xctest */;
			productType = "com.apple.product-type.bundle.ui-testing";
		};
/* End PBXNativeTarget section */

/* Begin PBXProject section */
		4D224AD01F175426000F2885 /* Project object */ = {
			isa = PBXProject;
			attributes = {
				LastUpgradeCheck = 0820;
				ORGANIZATIONNAME = liyifang;
				TargetAttributes = {
					4D224AD71F175426000F2885 = {
						CreatedOnToolsVersion = 8.2.1;
						DevelopmentTeam = V275FY2C2G;
						ProvisioningStyle = Automatic;
					};
					4D224AF01F175426000F2885 = {
						CreatedOnToolsVersion = 8.2.1;
						DevelopmentTeam = V275FY2C2G;
						ProvisioningStyle = Automatic;
						TestTargetID = 4D224AD71F175426000F2885;
					};
					4D224AFB1F175426000F2885 = {
						CreatedOnToolsVersion = 8.2.1;
						DevelopmentTeam = V275FY2C2G;
						ProvisioningStyle = Automatic;
						TestTargetID = 4D224AD71F175426000F2885;
					};
				};
			};
			buildConfigurationList = 4D224AD31F175426000F2885 /* Build configuration list for PBXProject "Test_1" */;
			compatibilityVersion = "Xcode 3.2";
			developmentRegion = English;
			hasScannedForEncodings = 0;
			knownRegions = (
				en,
				Base,
			);
			mainGroup = 4D224ACF1F175426000F2885;
			productRefGroup = 4D224AD91F175426000F2885 /* Products */;
			projectDirPath = "";
			projectRoot = "";
			targets = (
				4D224AD71F175426000F2885 /* Test_1 */,
				4D224AF01F175426000F2885 /* Test_1Tests */,
				4D224AFB1F175426000F2885 /* Test_1UITests */,
			);
		};
/* End PBXProject section */

/* Begin PBXResourcesBuildPhase section */
		4D224AD61F175426000F2885 /* Resources */ = {
			isa = PBXResourcesBuildPhase;
			buildActionMask = 2147483647;
			files = (
				4D224AEB1F175426000F2885 /* LaunchScreen.storyboard in Resources */,
				4D224AE81F175426000F2885 /* Assets.xcassets in Resources */,
				4D224AE61F175426000F2885 /* Main.storyboard in Resources */,
			);
			runOnlyForDeploymentPostprocessing = 0;
		};
		4D224AEF1F175426000F2885 /* Resources */ = {
			isa = PBXResourcesBuildPhase;
			buildActionMask = 2147483647;
			files = (
			);
			runOnlyForDeploymentPostprocessing = 0;
		};
		4D224AFA1F175426000F2885 /* Resources */ = {
			isa = PBXResourcesBuildPhase;
			buildActionMask = 2147483647;
			files = (
			);
			runOnlyForDeploymentPostprocessing = 0;
		};
/* End PBXResourcesBuildPhase section */

/* Begin PBXSourcesBuildPhase section */
		4D224AD41F175426000F2885 /* Sources */ = {
			isa = PBXSourcesBuildPhase;
			buildActionMask = 2147483647;
			files = (
				4D224AE31F175426000F2885 /* ViewController.m in Sources */,
				4D224AE01F175426000F2885 /* AppDelegate.m in Sources */,
				4D224ADD1F175426000F2885 /* main.m in Sources */,
			);
			runOnlyForDeploymentPostprocessing = 0;
		};
		4D224AED1F175426000F2885 /* Sources */ = {
			isa = PBXSourcesBuildPhase;
			buildActionMask = 2147483647;
			files = (
				4D224AF61F175426000F2885 /* Test_1Tests.m in Sources */,
			);
			runOnlyForDeploymentPostprocessing = 0;
		};
		4D224AF81F175426000F2885 /* Sources */ = {
			isa = PBXSourcesBuildPhase;
			buildActionMask = 2147483647;
			files = (
				4D224B011F175426000F2885 /* Test_1UITests.m in Sources */,
			);
			runOnlyForDeploymentPostprocessing = 0;
		};
/* End PBXSourcesBuildPhase section */

/* Begin PBXTargetDependency section */
		4D224AF31F175426000F2885 /* PBXTargetDependency */ = {
			isa = PBXTargetDependency;
			target = 4D224AD71F175426000F2885 /* Test_1 */;
			targetProxy = 4D224AF21F175426000F2885 /* PBXContainerItemProxy */;
		};
		4D224AFE1F175426000F2885 /* PBXTargetDependency */ = {
			isa = PBXTargetDependency;
			target = 4D224AD71F175426000F2885 /* Test_1 */;
			targetProxy = 4D224AFD1F175426000F2885 /* PBXContainerItemProxy */;
		};
/* End PBXTargetDependency section */

/* Begin PBXVariantGroup section */
		4D224AE41F175426000F2885 /* Main.storyboard */ = {
			isa = PBXVariantGroup;
			children = (
				4D224AE51F175426000F2885 /* Base */,
			);
			name = Main.storyboard;
			sourceTree = "<group>";
		};
		4D224AE91F175426000F2885 /* LaunchScreen.storyboard */ = {
			isa = PBXVariantGroup;
			children = (
				4D224AEA1F175426000F2885 /* Base */,
			);
			name = LaunchScreen.storyboard;
			sourceTree = "<group>";
		};
/* End PBXVariantGroup section */

/* Begin XCBuildConfiguration section */
		4D224B031F175426000F2885 /* Debug */ = {
			isa = XCBuildConfiguration;
			buildSettings = {
				ALWAYS_SEARCH_USER_PATHS = NO;
				CLANG_ANALYZER_NONNULL = YES;
				CLANG_CXX_LANGUAGE_STANDARD = "gnu++0x";
				CLANG_CXX_LIBRARY = "libc++";
				CLANG_ENABLE_MODULES = YES;
				CLANG_ENABLE_OBJC_ARC = YES;
				CLANG_WARN_BOOL_CONVERSION = YES;
				CLANG_WARN_CONSTANT_CONVERSION = YES;
				CLANG_WARN_DIRECT_OBJC_ISA_USAGE = YES_ERROR;
				CLANG_WARN_DOCUMENTATION_COMMENTS = YES;
				CLANG_WARN_EMPTY_BODY = YES;
				CLANG_WARN_ENUM_CONVERSION = YES;
				CLANG_WARN_INFINITE_RECURSION = YES;
				CLANG_WARN_INT_CONVERSION = YES;
				CLANG_WARN_OBJC_ROOT_CLASS = YES_ERROR;
				CLANG_WARN_SUSPICIOUS_MOVE = YES;
				CLANG_WARN_UNREACHABLE_CODE = YES;
				CLANG_WARN__DUPLICATE_METHOD_MATCH = YES;
				"CODE_SIGN_IDENTITY[sdk=iphoneos*]" = "iPhone Developer";
				COPY_PHASE_STRIP = NO;
				DEBUG_INFORMATION_FORMAT = dwarf;
				ENABLE_STRICT_OBJC_MSGSEND = YES;
				ENABLE_TESTABILITY = YES;
				GCC_C_LANGUAGE_STANDARD = gnu99;
				GCC_DYNAMIC_NO_PIC = NO;
				GCC_NO_COMMON_BLOCKS = YES;
				GCC_OPTIMIZATION_LEVEL = 0;
				GCC_PREPROCESSOR_DEFINITIONS = (
					"DEBUG=1",
					"$(inherited)",
				);
				GCC_WARN_64_TO_32_BIT_CONVERSION = YES;
				GCC_WARN_ABOUT_RETURN_TYPE = YES_ERROR;
				GCC_WARN_UNDECLARED_SELECTOR = YES;
				GCC_WARN_UNINITIALIZED_AUTOS = YES_AGGRESSIVE;
				GCC_WARN_UNUSED_FUNCTION = YES;
				GCC_WARN_UNUSED_VARIABLE = YES;
				IPHONEOS_DEPLOYMENT_TARGET = 10.2;
				MTL_ENABLE_DEBUG_INFO = YES;
				ONLY_ACTIVE_ARCH = YES;
				SDKROOT = iphoneos;
				TARGETED_DEVICE_FAMILY = "1,2";
			};
			name = Debug;
		};
		4D224B041F175426000F2885 /* Release */ = {
			isa = XCBuildConfiguration;
			buildSettings = {
				ALWAYS_SEARCH_USER_PATHS = NO;
				CLANG_ANALYZER_NONNULL = YES;
				CLANG_CXX_LANGUAGE_STANDARD = "gnu++0x";
				CLANG_CXX_LIBRARY = "libc++";
				CLANG_ENABLE_MODULES = YES;
				CLANG_ENABLE_OBJC_ARC = YES;
				CLANG_WARN_BOOL_CONVERSION = YES;
				CLANG_WARN_CONSTANT_CONVERSION = YES;
				CLANG_WARN_DIRECT_OBJC_ISA_USAGE = YES_ERROR;
				CLANG_WARN_DOCUMENTATION_COMMENTS = YES;
				CLANG_WARN_EMPTY_BODY = YES;
				CLANG_WARN_ENUM_CONVERSION = YES;
				CLANG_WARN_INFINITE_RECURSION = YES;
				CLANG_WARN_INT_CONVERSION = YES;
				CLANG_WARN_OBJC_ROOT_CLASS = YES_ERROR;
				CLANG_WARN_SUSPICIOUS_MOVE = YES;
				CLANG_WARN_UNREACHABLE_CODE = YES;
				CLANG_WARN__DUPLICATE_METHOD_MATCH = YES;
				"CODE_SIGN_IDENTITY[sdk=iphoneos*]" = "iPhone Developer";
				COPY_PHASE_STRIP = NO;
				DEBUG_INFORMATION_FORMAT = "dwarf-with-dsym";
				ENABLE_NS_ASSERTIONS = NO;
				ENABLE_STRICT_OBJC_MSGSEND = YES;
				GCC_C_LANGUAGE_STANDARD = gnu99;
				GCC_NO_COMMON_BLOCKS = YES;
				GCC_WARN_64_TO_32_BIT_CONVERSION = YES;
				GCC_WARN_ABOUT_RETURN_TYPE = YES_ERROR;
				GCC_WARN_UNDECLARED_SELECTOR = YES;
				GCC_WARN_UNINITIALIZED_AUTOS = YES_AGGRESSIVE;
				GCC_WARN_UNUSED_FUNCTION = YES;
				GCC_WARN_UNUSED_VARIABLE = YES;
				IPHONEOS_DEPLOYMENT_TARGET = 10.2;
				MTL_ENABLE_DEBUG_INFO = NO;
				SDKROOT = iphoneos;
				TARGETED_DEVICE_FAMILY = "1,2";
				VALIDATE_PRODUCT = YES;
			};
			name = Release;
		};
		4D224B061F175426000F2885 /* Debug */ = {
			isa = XCBuildConfiguration;
			buildSettings = {
				ASSETCATALOG_COMPILER_APPICON_NAME = AppIcon;
				DEVELOPMENT_TEAM = V275FY2C2G;
				INFOPLIST_FILE = Test_1/Info.plist;
				LD_RUNPATH_SEARCH_PATHS = "$(inherited) @executable_path/Frameworks";
				PRODUCT_BUNDLE_IDENTIFIER = "com.liyifang.WanBa.Test-1";
				PRODUCT_NAME = "$(TARGET_NAME)";
			};
			name = Debug;
		};
		4D224B071F175426000F2885 /* Release */ = {
			isa = XCBuildConfiguration;
			buildSettings = {
				ASSETCATALOG_COMPILER_APPICON_NAME = AppIcon;
				DEVELOPMENT_TEAM = V275FY2C2G;
				INFOPLIST_FILE = Test_1/Info.plist;
				LD_RUNPATH_SEARCH_PATHS = "$(inherited) @executable_path/Frameworks";
				PRODUCT_BUNDLE_IDENTIFIER = "com.liyifang.WanBa.Test-1";
				PRODUCT_NAME = "$(TARGET_NAME)";
			};
			name = Release;
		};
		4D224B091F175426000F2885 /* Debug */ = {
			isa = XCBuildConfiguration;
			buildSettings = {
				BUNDLE_LOADER = "$(TEST_HOST)";
				DEVELOPMENT_TEAM = V275FY2C2G;
				INFOPLIST_FILE = Test_1Tests/Info.plist;
				LD_RUNPATH_SEARCH_PATHS = "$(inherited) @executable_path/Frameworks @loader_path/Frameworks";
				PRODUCT_BUNDLE_IDENTIFIER = "com.liyifang.WanBa.Test-1Tests";
				PRODUCT_NAME = "$(TARGET_NAME)";
				TEST_HOST = "$(BUILT_PRODUCTS_DIR)/Test_1.app/Test_1";
			};
			name = Debug;
		};
		4D224B0A1F175426000F2885 /* Release */ = {
			isa = XCBuildConfiguration;
			buildSettings = {
				BUNDLE_LOADER = "$(TEST_HOST)";
				DEVELOPMENT_TEAM = V275FY2C2G;
				INFOPLIST_FILE = Test_1Tests/Info.plist;
				LD_RUNPATH_SEARCH_PATHS = "$(inherited) @executable_path/Frameworks @loader_path/Frameworks";
				PRODUCT_BUNDLE_IDENTIFIER = "com.liyifang.WanBa.Test-1Tests";
				PRODUCT_NAME = "$(TARGET_NAME)";
				TEST_HOST = "$(BUILT_PRODUCTS_DIR)/Test_1.app/Test_1";
			};
			name = Release;
		};
		4D224B0C1F175426000F2885 /* Debug */ = {
			isa = XCBuildConfiguration;
			buildSettings = {
				DEVELOPMENT_TEAM = V275FY2C2G;
				INFOPLIST_FILE = Test_1UITests/Info.plist;
				LD_RUNPATH_SEARCH_PATHS = "$(inherited) @executable_path/Frameworks @loader_path/Frameworks";
				PRODUCT_BUNDLE_IDENTIFIER = "com.liyifang.WanBa.Test-1UITests";
				PRODUCT_NAME = "$(TARGET_NAME)";
				TEST_TARGET_NAME = Test_1;
			};
			name = Debug;
		};
		4D224B0D1F175426000F2885 /* Release */ = {
			isa = XCBuildConfiguration;
			buildSettings = {
				DEVELOPMENT_TEAM = V275FY2C2G;
				INFOPLIST_FILE = Test_1UITests/Info.plist;
				LD_RUNPATH_SEARCH_PATHS = "$(inherited) @executable_path/Frameworks @loader_path/Frameworks";
				PRODUCT_BUNDLE_IDENTIFIER = "com.liyifang.WanBa.Test-1UITests";
				PRODUCT_NAME = "$(TARGET_NAME)";
				TEST_TARGET_NAME = Test_1;
			};
			name = Release;
		};
/* End XCBuildConfiguration section */

/* Begin XCConfigurationList section */
		4D224AD31F175426000F2885 /* Build configuration list for PBXProject "Test_1" */ = {
			isa = XCConfigurationList;
			buildConfigurations = (
				4D224B031F175426000F2885 /* Debug */,
				4D224B041F175426000F2885 /* Release */,
			);
			defaultConfigurationIsVisible = 0;
			defaultConfigurationName = Release;
		};
		4D224B051F175426000F2885 /* Build configuration list for PBXNativeTarget "Test_1" */ = {
			isa = XCConfigurationList;
			buildConfigurations = (
				4D224B061F175426000F2885 /* Debug */,
				4D224B071F175426000F2885 /* Release */,
			);
			defaultConfigurationIsVisible = 0;
		};
		4D224B081F175426000F2885 /* Build configuration list for PBXNativeTarget "Test_1Tests" */ = {
			isa = XCConfigurationList;
			buildConfigurations = (
				4D224B091F175426000F2885 /* Debug */,
				4D224B0A1F175426000F2885 /* Release */,
			);
			defaultConfigurationIsVisible = 0;
		};
		4D224B0B1F175426000F2885 /* Build configuration list for PBXNativeTarget "Test_1UITests" */ = {
			isa = XCConfigurationList;
			buildConfigurations = (
				4D224B0C1F175426000F2885 /* Debug */,
				4D224B0D1F175426000F2885 /* Release */,
			);
			defaultConfigurationIsVisible = 0;
		};
/* End XCConfigurationList section */
	};
	rootObject = 4D224AD01F175426000F2885 /* Project object */;
}
